
Microsoft Visual Studio Solution File, Format Version 12.00
# Visual Studio Version 17
VisualStudioVersion = 17.6.33829.357
MinimumVisualStudioVersion = 10.0.40219.1
Project("{FAE04EC0-301F-11D3-BF4B-00C04F79EFBC}") = "ElibraryManagment", "ElibraryManagment\ElibraryManagment.csproj", "{23F3E524-2345-4D49-83B0-0C89B39F0846}"
EndProject
Global
	GlobalSection(SolutionConfigurationPlatforms) = preSolution
		Debug|Any CPU = Debug|Any CPU
		Release|Any CPU = Release|Any CPU
	EndGlobalSection
	GlobalSection(ProjectConfigurationPlatforms) = postSolution
		{23F3E524-2345-4D49-83B0-0C89B39F0846}.Debug|Any CPU.ActiveCfg = Debug|Any CPU
		{23F3E524-2345-4D49-83B0-0C89B39F0846}.Debug|Any CPU.Build.0 = Debug|Any CPU
		{23F3E524-2345-4D49-83B0-0C89B39F0846}.Release|Any CPU.ActiveCfg = Release|Any CPU
		{23F3E524-2345-4D49-83B0-0C89B39F0846}.Release|Any CPU.Build.0 = Release|Any CPU
	EndGlobalSection
	GlobalSection(SolutionProperties) = preSolution
		HideSolutionNode = FALSE
	EndGlobalSection
	GlobalSection(ExtensibilityGlobals) = postSolution
		SolutionGuid = {A1B9D24E-0325-4BDC-8479-1246B4C62F02}
	EndGlobalSection
EndGlobal
